
Microsoft Visual Studio Solution File, Format Version 12.00
# Visual Studio Version 16
VisualStudioVersion = 16.0.30907.101
MinimumVisualStudioVersion = 10.0.40219.1
Project("{FAE04EC0-301F-11D3-BF4B-00C04F79EFBC}") = "trip-manager", "trip-manager\trip-manager.csproj", "{EA4C5033-6049-4B2A-AFD0-B01DCF85085B}"
EndProject
Global
	GlobalSection(SolutionConfigurationPlatforms) = preSolution
		Debug|Any CPU = Debug|Any CPU
		Release|Any CPU = Release|Any CPU
	EndGlobalSection
	GlobalSection(ProjectConfigurationPlatforms) = postSolution
		{EA4C5033-6049-4B2A-AFD0-B01DCF85085B}.Debug|Any CPU.ActiveCfg = Debug|Any CPU
		{EA4C5033-6049-4B2A-AFD0-B01DCF85085B}.Debug|Any CPU.Build.0 = Debug|Any CPU
		{EA4C5033-6049-4B2A-AFD0-B01DCF85085B}.Release|Any CPU.ActiveCfg = Release|Any CPU
		{EA4C5033-6049-4B2A-AFD0-B01DCF85085B}.Release|Any CPU.Build.0 = Release|Any CPU
	EndGlobalSection
	GlobalSection(SolutionProperties) = preSolution
		HideSolutionNode = FALSE
	EndGlobalSection
	GlobalSection(ExtensibilityGlobals) = postSolution
		SolutionGuid = {5004BA55-A841-4B49-B401-A74D9C6B60CF}
	EndGlobalSection
EndGlobal
